// !$*UTF8*$!
{
	archiveVersion = 1;
	classes = {
	};
	objectVersion = 56;
	objects = {

/* Begin PBXBuildFile section */
		700ED8172A65795700392B08 /* AppDelegate.swift in Sources */ = {isa = PBXBuildFile; fileRef = 700ED8162A65795700392B08 /* AppDelegate.swift */; };
		700ED8192A65795700392B08 /* SceneDelegate.swift in Sources */ = {isa = PBXBuildFile; fileRef = 700ED8182A65795700392B08 /* SceneDelegate.swift */; };
		700ED81B2A65795700392B08 /* ViewController.swift in Sources */ = {isa = PBXBuildFile; fileRef = 700ED81A2A65795700392B08 /* ViewController.swift */; };
		700ED81E2A65795700392B08 /* Main.storyboard in Resources */ = {isa = PBXBuildFile; fileRef = 700ED81C2A65795700392B08 /* Main.storyboard */; };
		700ED8202A65795800392B08 /* Assets.xcassets in Resources */ = {isa = PBXBuildFile; fileRef = 700ED81F2A65795800392B08 /* Assets.xcassets */; };
		700ED8232A65795800392B08 /* LaunchScreen.storyboard in Resources */ = {isa = PBXBuildFile; fileRef = 700ED8212A65795800392B08 /* LaunchScreen.storyboard */; };
		700ED82E2A65795800392B08 /* MeTests.swift in Sources */ = {isa = PBXBuildFile; fileRef = 700ED82D2A65795800392B08 /* MeTests.swift */; };
		700ED8382A65795800392B08 /* MeUITests.swift in Sources */ = {isa = PBXBuildFile; fileRef = 700ED8372A65795800392B08 /* MeUITests.swift */; };
		700ED83A2A65795800392B08 /* MeUITestsLaunchTests.swift in Sources */ = {isa = PBXBuildFile; fileRef = 700ED8392A65795800392B08 /* MeUITestsLaunchTests.swift */; };
/* End PBXBuildFile section */

/* Begin PBXContainerItemProxy section */
		700ED82A2A65795800392B08 /* PBXContainerItemProxy */ = {
			isa = PBXContainerItemProxy;
			containerPortal = 700ED80B2A65795700392B08 /* Project object */;
			proxyType = 1;
			remoteGlobalIDString = 700ED8122A65795700392B08;
			remoteInfo = Me;
		};
		700ED8342A65795800392B08 /* PBXContainerItemProxy */ = {
			isa = PBXContainerItemProxy;
			containerPortal = 700ED80B2A65795700392B08 /* Project object */;
			proxyType = 1;
			remoteGlobalIDString = 700ED8122A65795700392B08;
			remoteInfo = Me;
		};
/* End PBXContainerItemProxy section */

/* Begin PBXFileReference section */
		700ED8132A65795700392B08 /* Me.app */ = {isa = PBXFileReference; explicitFileType = wrapper.application; includeInIndex = 0; path = Me.app; sourceTree = BUILT_PRODUCTS_DIR; };
		700ED8162A65795700392B08 /* AppDelegate.swift */ = {isa = PBXFileReference; lastKnownFileType = sourcecode.swift; path = AppDelegate.swift; sourceTree = "<group>"; };
		700ED8182A65795700392B08 /* SceneDelegate.swift */ = {isa = PBXFileReference; lastKnownFileType = sourcecode.swift; path = SceneDelegate.swift; sourceTree = "<group>"; };
		700ED81A2A65795700392B08 /* ViewController.swift */ = {isa = PBXFileReference; lastKnownFileType = sourcecode.swift; path = ViewController.swift; sourceTree = "<group>"; };
		700ED81D2A65795700392B08 /* Base */ = {isa = PBXFileReference; lastKnownFileType = file.storyboard; name = Base; path = Base.lproj/Main.storyboard; sourceTree = "<group>"; };
		700ED81F2A65795800392B08 /* Assets.xcassets */ = {isa = PBXFileReference; lastKnownFileType = folder.assetcatalog; path = Assets.xcassets; sourceTree = "<group>"; };
		700ED8222A65795800392B08 /* Base */ = {isa = PBXFileReference; lastKnownFileType = file.storyboard; name = Base; path = Base.lproj/LaunchScreen.storyboard; sourceTree = "<group>"; };
		700ED8242A65795800392B08 /* Info.plist */ = {isa = PBXFileReference; lastKnownFileType = text.plist.xml; path = Info.plist; sourceTree = "<group>"; };
		700ED8292A65795800392B08 /* MeTests.xctest */ = {isa = PBXFileReference; explicitFileType = wrapper.cfbundle; includeInIndex = 0; path = MeTests.xctest; sourceTree = BUILT_PRODUCTS_DIR; };
		700ED82D2A65795800392B08 /* MeTests.swift */ = {isa = PBXFileReference; lastKnownFileType = sourcecode.swift; path = MeTests.swift; sourceTree = "<group>"; };
		700ED8332A65795800392B08 /* MeUITests.xctest */ = {isa = PBXFileReference; explicitFileType = wrapper.cfbundle; includeInIndex = 0; path = MeUITests.xctest; sourceTree = BUILT_PRODUCTS_DIR; };
		700ED8372A65795800392B08 /* MeUITests.swift */ = {isa = PBXFileReference; lastKnownFileType = sourcecode.swift; path = MeUITests.swift; sourceTree = "<group>"; };
		700ED8392A65795800392B08 /* MeUITestsLaunchTests.swift */ = {isa = PBXFileReference; lastKnownFileType = sourcecode.swift; path = MeUITestsLaunchTests.swift; sourceTree = "<group>"; };
/* End PBXFileReference section */

/* Begin PBXFrameworksBuildPhase section */
		700ED8102A65795700392B08 /* Frameworks */ = {
			isa = PBXFrameworksBuildPhase;
			buildActionMask = 2147483647;
			files = (
			);
			runOnlyForDeploymentPostprocessing = 0;
		};
		700ED8262A65795800392B08 /* Frameworks */ = {
			isa = PBXFrameworksBuildPhase;
			buildActionMask = 2147483647;
			files = (
			);
			runOnlyForDeploymentPostprocessing = 0;
		};
		700ED8302A65795800392B08 /* Frameworks */ = {
			isa = PBXFrameworksBuildPhase;
			buildActionMask = 2147483647;
			files = (
			);
			runOnlyForDeploymentPostprocessing = 0;
		};
/* End PBXFrameworksBuildPhase section */

/* Begin PBXGroup section */
		700ED80A2A65795700392B08 = {
			isa = PBXGroup;
			children = (
				700ED8152A65795700392B08 /* Me */,
				700ED82C2A65795800392B08 /* MeTests */,
				700ED8362A65795800392B08 /* MeUITests */,
				700ED8142A65795700392B08 /* Products */,
			);
			sourceTree = "<group>";
		};
		700ED8142A65795700392B08 /* Products */ = {
			isa = PBXGroup;
			children = (
				700ED8132A65795700392B08 /* Me.app */,
				700ED8292A65795800392B08 /* MeTests.xctest */,
				700ED8332A65795800392B08 /* MeUITests.xctest */,
			);
			name = Products;
			sourceTree = "<group>";
		};
		700ED8152A65795700392B08 /* Me */ = {
			isa = PBXGroup;
			children = (
				700ED8162A65795700392B08 /* AppDelegate.swift */,
				700ED8182A65795700392B08 /* SceneDelegate.swift */,
				700ED81A2A65795700392B08 /* ViewController.swift */,
				700ED81C2A65795700392B08 /* Main.storyboard */,
				700ED81F2A65795800392B08 /* Assets.xcassets */,
				700ED8212A65795800392B08 /* LaunchScreen.storyboard */,
				700ED8242A65795800392B08 /* Info.plist */,
			);
			path = Me;
			sourceTree = "<group>";
		};
		700ED82C2A65795800392B08 /* MeTests */ = {
			isa = PBXGroup;
			children = (
				700ED82D2A65795800392B08 /* MeTests.swift */,
			);
			path = MeTests;
			sourceTree = "<group>";
		};
		700ED8362A65795800392B08 /* MeUITests */ = {
			isa = PBXGroup;
			children = (
				700ED8372A65795800392B08 /* MeUITests.swift */,
				700ED8392A65795800392B08 /* MeUITestsLaunchTests.swift */,
			);
			path = MeUITests;
			sourceTree = "<group>";
		};
/* End PBXGroup section */

/* Begin PBXNativeTarget section */
		700ED8122A65795700392B08 /* Me */ = {
			isa = PBXNativeTarget;
			buildConfigurationList = 700ED83D2A65795800392B08 /* Build configuration list for PBXNativeTarget "Me" */;
			buildPhases = (
				700ED80F2A65795700392B08 /* Sources */,
				700ED8102A65795700392B08 /* Frameworks */,
				700ED8112A65795700392B08 /* Resources */,
			);
			buildRules = (
			);
			dependencies = (
			);
			name = Me;
			productName = Me;
			productReference = 700ED8132A65795700392B08 /* Me.app */;
			productType = "com.apple.product-type.application";
		};
		700ED8282A65795800392B08 /* MeTests */ = {
			isa = PBXNativeTarget;
			buildConfigurationList = 700ED8402A65795800392B08 /* Build configuration list for PBXNativeTarget "MeTests" */;
			buildPhases = (
				700ED8252A65795800392B08 /* Sources */,
				700ED8262A65795800392B08 /* Frameworks */,
				700ED8272A65795800392B08 /* Resources */,
			);
			buildRules = (
			);
			dependencies = (
				700ED82B2A65795800392B08 /* PBXTargetDependency */,
			);
			name = MeTests;
			productName = MeTests;
			productReference = 700ED8292A65795800392B08 /* MeTests.xctest */;
			productType = "com.apple.product-type.bundle.unit-test";
		};
		700ED8322A65795800392B08 /* MeUITests */ = {
			isa = PBXNativeTarget;
			buildConfigurationList = 700ED8432A65795800392B08 /* Build configuration list for PBXNativeTarget "MeUITests" */;
			buildPhases = (
				700ED82F2A65795800392B08 /* Sources */,
				700ED8302A65795800392B08 /* Frameworks */,
				700ED8312A65795800392B08 /* Resources */,
			);
			buildRules = (
			);
			dependencies = (
				700ED8352A65795800392B08 /* PBXTargetDependency */,
			);
			name = MeUITests;
			productName = MeUITests;
			productReference = 700ED8332A65795800392B08 /* MeUITests.xctest */;
			productType = "com.apple.product-type.bundle.ui-testing";
		};
/* End PBXNativeTarget section */

/* Begin PBXProject section */
		700ED80B2A65795700392B08 /* Project object */ = {
			isa = PBXProject;
			attributes = {
				BuildIndependentTargetsInParallel = 1;
				LastSwiftUpdateCheck = 1420;
				LastUpgradeCheck = 1420;
				TargetAttributes = {
					700ED8122A65795700392B08 = {
						CreatedOnToolsVersion = 14.2;
					};
					700ED8282A65795800392B08 = {
						CreatedOnToolsVersion = 14.2;
						TestTargetID = 700ED8122A65795700392B08;
					};
					700ED8322A65795800392B08 = {
						CreatedOnToolsVersion = 14.2;
						TestTargetID = 700ED8122A65795700392B08;
					};
				};
			};
			buildConfigurationList = 700ED80E2A65795700392B08 /* Build configuration list for PBXProject "Me" */;
			compatibilityVersion = "Xcode 14.0";
			developmentRegion = en;
			hasScannedForEncodings = 0;
			knownRegions = (
				en,
				Base,
			);
			mainGroup = 700ED80A2A65795700392B08;
			productRefGroup = 700ED8142A65795700392B08 /* Products */;
			projectDirPath = "";
			projectRoot = "";
			targets = (
				700ED8122A65795700392B08 /* Me */,
				700ED8282A65795800392B08 /* MeTests */,
				700ED8322A65795800392B08 /* MeUITests */,
			);
		};
/* End PBXProject section */

/* Begin PBXResourcesBuildPhase section */
		700ED8112A65795700392B08 /* Resources */ = {
			isa = PBXResourcesBuildPhase;
			buildActionMask = 2147483647;
			files = (
				700ED8232A65795800392B08 /* LaunchScreen.storyboard in Resources */,
				700ED8202A65795800392B08 /* Assets.xcassets in Resources */,
				700ED81E2A65795700392B08 /* Main.storyboard in Resources */,
			);
			runOnlyForDeploymentPostprocessing = 0;
		};
		700ED8272A65795800392B08 /* Resources */ = {
			isa = PBXResourcesBuildPhase;
			buildActionMask = 2147483647;
			files = (
			);
			runOnlyForDeploymentPostprocessing = 0;
		};
		700ED8312A65795800392B08 /* Resources */ = {
			isa = PBXResourcesBuildPhase;
			buildActionMask = 2147483647;
			files = (
			);
			runOnlyForDeploymentPostprocessing = 0;
		};
/* End PBXResourcesBuildPhase section */

/* Begin PBXSourcesBuildPhase section */
		700ED80F2A65795700392B08 /* Sources */ = {
			isa = PBXSourcesBuildPhase;
			buildActionMask = 2147483647;
			files = (
				700ED81B2A65795700392B08 /* ViewController.swift in Sources */,
				700ED8172A65795700392B08 /* AppDelegate.swift in Sources */,
				700ED8192A65795700392B08 /* SceneDelegate.swift in Sources */,
			);
			runOnlyForDeploymentPostprocessing = 0;
		};
		700ED8252A65795800392B08 /* Sources */ = {
			isa = PBXSourcesBuildPhase;
			buildActionMask = 2147483647;
			files = (
				700ED82E2A65795800392B08 /* MeTests.swift in Sources */,
			);
			runOnlyForDeploymentPostprocessing = 0;
		};
		700ED82F2A65795800392B08 /* Sources */ = {
			isa = PBXSourcesBuildPhase;
			buildActionMask = 2147483647;
			files = (
				700ED83A2A65795800392B08 /* MeUITestsLaunchTests.swift in Sources */,
				700ED8382A65795800392B08 /* MeUITests.swift in Sources */,
			);
			runOnlyForDeploymentPostprocessing = 0;
		};
/* End PBXSourcesBuildPhase section */

/* Begin PBXTargetDependency section */
		700ED82B2A65795800392B08 /* PBXTargetDependency */ = {
			isa = PBXTargetDependency;
			target = 700ED8122A65795700392B08 /* Me */;
			targetProxy = 700ED82A2A65795800392B08 /* PBXContainerItemProxy */;
		};
		700ED8352A65795800392B08 /* PBXTargetDependency */ = {
			isa = PBXTargetDependency;
			target = 700ED8122A65795700392B08 /* Me */;
			targetProxy = 700ED8342A65795800392B08 /* PBXContainerItemProxy */;
		};
/* End PBXTargetDependency section */

/* Begin PBXVariantGroup section */
		700ED81C2A65795700392B08 /* Main.storyboard */ = {
			isa = PBXVariantGroup;
			children = (
				700ED81D2A65795700392B08 /* Base */,
			);
			name = Main.storyboard;
			sourceTree = "<group>";
		};
		700ED8212A65795800392B08 /* LaunchScreen.storyboard */ = {
			isa = PBXVariantGroup;
			children = (
				700ED8222A65795800392B08 /* Base */,
			);
			name = LaunchScreen.storyboard;
			sourceTree = "<group>";
		};
/* End PBXVariantGroup section */

/* Begin XCBuildConfiguration section */
		700ED83B2A65795800392B08 /* Debug */ = {
			isa = XCBuildConfiguration;
			buildSettings = {
				ALWAYS_SEARCH_USER_PATHS = NO;
				CLANG_ANALYZER_NONNULL = YES;
				CLANG_ANALYZER_NUMBER_OBJECT_CONVERSION = YES_AGGRESSIVE;
				CLANG_CXX_LANGUAGE_STANDARD = "gnu++20";
				CLANG_ENABLE_MODULES = YES;
				CLANG_ENABLE_OBJC_ARC = YES;
				CLANG_ENABLE_OBJC_WEAK = YES;
				CLANG_WARN_BLOCK_CAPTURE_AUTORELEASING = YES;
				CLANG_WARN_BOOL_CONVERSION = YES;
				CLANG_WARN_COMMA = YES;
				CLANG_WARN_CONSTANT_CONVERSION = YES;
				CLANG_WARN_DEPRECATED_OBJC_IMPLEMENTATIONS = YES;
				CLANG_WARN_DIRECT_OBJC_ISA_USAGE = YES_ERROR;
				CLANG_WARN_DOCUMENTATION_COMMENTS = YES;
				CLANG_WARN_EMPTY_BODY = YES;
				CLANG_WARN_ENUM_CONVERSION = YES;
				CLANG_WARN_INFINITE_RECURSION = YES;
				CLANG_WARN_INT_CONVERSION = YES;
				CLANG_WARN_NON_LITERAL_NULL_CONVERSION = YES;
				CLANG_WARN_OBJC_IMPLICIT_RETAIN_SELF = YES;
				CLANG_WARN_OBJC_LITERAL_CONVERSION = YES;
				CLANG_WARN_OBJC_ROOT_CLASS = YES_ERROR;
				CLANG_WARN_QUOTED_INCLUDE_IN_FRAMEWORK_HEADER = YES;
				CLANG_WARN_RANGE_LOOP_ANALYSIS = YES;
				CLANG_WARN_STRICT_PROTOTYPES = YES;
				CLANG_WARN_SUSPICIOUS_MOVE = YES;
				CLANG_WARN_UNGUARDED_AVAILABILITY = YES_AGGRESSIVE;
				CLANG_WARN_UNREACHABLE_CODE = YES;
				CLANG_WARN__DUPLICATE_METHOD_MATCH = YES;
				COPY_PHASE_STRIP = NO;
				DEBUG_INFORMATION_FORMAT = dwarf;
				ENABLE_STRICT_OBJC_MSGSEND = YES;
				ENABLE_TESTABILITY = YES;
				GCC_C_LANGUAGE_STANDARD = gnu11;
				GCC_DYNAMIC_NO_PIC = NO;
				GCC_NO_COMMON_BLOCKS = YES;
				GCC_OPTIMIZATION_LEVEL = 0;
				GCC_PREPROCESSOR_DEFINITIONS = (
					"DEBUG=1",
					"$(inherited)",
				);
				GCC_WARN_64_TO_32_BIT_CONVERSION = YES;
				GCC_WARN_ABOUT_RETURN_TYPE = YES_ERROR;
				GCC_WARN_UNDECLARED_SELECTOR = YES;
				GCC_WARN_UNINITIALIZED_AUTOS = YES_AGGRESSIVE;
				GCC_WARN_UNUSED_FUNCTION = YES;
				GCC_WARN_UNUSED_VARIABLE = YES;
				IPHONEOS_DEPLOYMENT_TARGET = 16.2;
				MTL_ENABLE_DEBUG_INFO = INCLUDE_SOURCE;
				MTL_FAST_MATH = YES;
				ONLY_ACTIVE_ARCH = YES;
				SDKROOT = iphoneos;
				SWIFT_ACTIVE_COMPILATION_CONDITIONS = DEBUG;
				SWIFT_OPTIMIZATION_LEVEL = "-Onone";
			};
			name = Debug;
		};
		700ED83C2A65795800392B08 /* Release */ = {
			isa = XCBuildConfiguration;
			buildSettings = {
				ALWAYS_SEARCH_USER_PATHS = NO;
				CLANG_ANALYZER_NONNULL = YES;
				CLANG_ANALYZER_NUMBER_OBJECT_CONVERSION = YES_AGGRESSIVE;
				CLANG_CXX_LANGUAGE_STANDARD = "gnu++20";
				CLANG_ENABLE_MODULES = YES;
				CLANG_ENABLE_OBJC_ARC = YES;
				CLANG_ENABLE_OBJC_WEAK = YES;
				CLANG_WARN_BLOCK_CAPTURE_AUTORELEASING = YES;
				CLANG_WARN_BOOL_CONVERSION = YES;
				CLANG_WARN_COMMA = YES;
				CLANG_WARN_CONSTANT_CONVERSION = YES;
				CLANG_WARN_DEPRECATED_OBJC_IMPLEMENTATIONS = YES;
				CLANG_WARN_DIRECT_OBJC_ISA_USAGE = YES_ERROR;
				CLANG_WARN_DOCUMENTATION_COMMENTS = YES;
				CLANG_WARN_EMPTY_BODY = YES;
				CLANG_WARN_ENUM_CONVERSION = YES;
				CLANG_WARN_INFINITE_RECURSION = YES;
				CLANG_WARN_INT_CONVERSION = YES;
				CLANG_WARN_NON_LITERAL_NULL_CONVERSION = YES;
				CLANG_WARN_OBJC_IMPLICIT_RETAIN_SELF = YES;
				CLANG_WARN_OBJC_LITERAL_CONVERSION = YES;
				CLANG_WARN_OBJC_ROOT_CLASS = YES_ERROR;
				CLANG_WARN_QUOTED_INCLUDE_IN_FRAMEWORK_HEADER = YES;
				CLANG_WARN_RANGE_LOOP_ANALYSIS = YES;
				CLANG_WARN_STRICT_PROTOTYPES = YES;
				CLANG_WARN_SUSPICIOUS_MOVE = YES;
				CLANG_WARN_UNGUARDED_AVAILABILITY = YES_AGGRESSIVE;
				CLANG_WARN_UNREACHABLE_CODE = YES;
				CLANG_WARN__DUPLICATE_METHOD_MATCH = YES;
				COPY_PHASE_STRIP = NO;
				DEBUG_INFORMATION_FORMAT = "dwarf-with-dsym";
				ENABLE_NS_ASSERTIONS = NO;
				ENABLE_STRICT_OBJC_MSGSEND = YES;
				GCC_C_LANGUAGE_STANDARD = gnu11;
				GCC_NO_COMMON_BLOCKS = YES;
				GCC_WARN_64_TO_32_BIT_CONVERSION = YES;
				GCC_WARN_ABOUT_RETURN_TYPE = YES_ERROR;
				GCC_WARN_UNDECLARED_SELECTOR = YES;
				GCC_WARN_UNINITIALIZED_AUTOS = YES_AGGRESSIVE;
				GCC_WARN_UNUSED_FUNCTION = YES;
				GCC_WARN_UNUSED_VARIABLE = YES;
				IPHONEOS_DEPLOYMENT_TARGET = 16.2;
				MTL_ENABLE_DEBUG_INFO = NO;
				MTL_FAST_MATH = YES;
				SDKROOT = iphoneos;
				SWIFT_COMPILATION_MODE = wholemodule;
				SWIFT_OPTIMIZATION_LEVEL = "-O";
				VALIDATE_PRODUCT = YES;
			};
			name = Release;
		};
		700ED83E2A65795800392B08 /* Debug */ = {
			isa = XCBuildConfiguration;
			buildSettings = {
				ASSETCATALOG_COMPILER_APPICON_NAME = AppIcon;
				ASSETCATALOG_COMPILER_GLOBAL_ACCENT_COLOR_NAME = AccentColor;
				CODE_SIGN_STYLE = Automatic;
				CURRENT_PROJECT_VERSION = 1;
				GENERATE_INFOPLIST_FILE = YES;
				INFOPLIST_FILE = Me/Info.plist;
				INFOPLIST_KEY_UIApplicationSupportsIndirectInputEvents = YES;
				INFOPLIST_KEY_UILaunchStoryboardName = LaunchScreen;
				INFOPLIST_KEY_UIMainStoryboardFile = Main;
				INFOPLIST_KEY_UISupportedInterfaceOrientations_iPad = "UIInterfaceOrientationPortrait UIInterfaceOrientationPortraitUpsideDown UIInterfaceOrientationLandscapeLeft UIInterfaceOrientationLandscapeRight";
				INFOPLIST_KEY_UISupportedInterfaceOrientations_iPhone = "UIInterfaceOrientationPortrait UIInterfaceOrientationLandscapeLeft UIInterfaceOrientationLandscapeRight";
				LD_RUNPATH_SEARCH_PATHS = (
					"$(inherited)",
					"@executable_path/Frameworks",
				);
				MARKETING_VERSION = 1.0;
				PRODUCT_BUNDLE_IDENTIFIER = me.student.bhsec.Me;
				PRODUCT_NAME = "$(TARGET_NAME)";
				SWIFT_EMIT_LOC_STRINGS = YES;
				SWIFT_VERSION = 5.0;
				TARGETED_DEVICE_FAMILY = "1,2";
			};
			name = Debug;
		};
		700ED83F2A65795800392B08 /* Release */ = {
			isa = XCBuildConfiguration;
			buildSettings = {
				ASSETCATALOG_COMPILER_APPICON_NAME = AppIcon;
				ASSETCATALOG_COMPILER_GLOBAL_ACCENT_COLOR_NAME = AccentColor;
				CODE_SIGN_STYLE = Automatic;
				CURRENT_PROJECT_VERSION = 1;
				GENERATE_INFOPLIST_FILE = YES;
				INFOPLIST_FILE = Me/Info.plist;
				INFOPLIST_KEY_UIApplicationSupportsIndirectInputEvents = YES;
				INFOPLIST_KEY_UILaunchStoryboardName = LaunchScreen;
				INFOPLIST_KEY_UIMainStoryboardFile = Main;
				INFOPLIST_KEY_UISupportedInterfaceOrientations_iPad = "UIInterfaceOrientationPortrait UIInterfaceOrientationPortraitUpsideDown UIInterfaceOrientationLandscapeLeft UIInterfaceOrientationLandscapeRight";
				INFOPLIST_KEY_UISupportedInterfaceOrientations_iPhone = "UIInterfaceOrientationPortrait UIInterfaceOrientationLandscapeLeft UIInterfaceOrientationLandscapeRight";
				LD_RUNPATH_SEARCH_PATHS = (
					"$(inherited)",
					"@executable_path/Frameworks",
				);
				MARKETING_VERSION = 1.0;
				PRODUCT_BUNDLE_IDENTIFIER = me.student.bhsec.Me;
				PRODUCT_NAME = "$(TARGET_NAME)";
				SWIFT_EMIT_LOC_STRINGS = YES;
				SWIFT_VERSION = 5.0;
				TARGETED_DEVICE_FAMILY = "1,2";
			};
			name = Release;
		};
		700ED8412A65795800392B08 /* Debug */ = {
			isa = XCBuildConfiguration;
			buildSettings = {
				ALWAYS_EMBED_SWIFT_STANDARD_LIBRARIES = YES;
				BUNDLE_LOADER = "$(TEST_HOST)";
				CODE_SIGN_STYLE = Automatic;
				CURRENT_PROJECT_VERSION = 1;
				GENERATE_INFOPLIST_FILE = YES;
				IPHONEOS_DEPLOYMENT_TARGET = 16.2;
				MARKETING_VERSION = 1.0;
				PRODUCT_BUNDLE_IDENTIFIER = me.student.bhsec.MeTests;
				PRODUCT_NAME = "$(TARGET_NAME)";
				SWIFT_EMIT_LOC_STRINGS = NO;
				SWIFT_VERSION = 5.0;
				TARGETED_DEVICE_FAMILY = "1,2";
				TEST_HOST = "$(BUILT_PRODUCTS_DIR)/Me.app/$(BUNDLE_EXECUTABLE_FOLDER_PATH)/Me";
			};
			name = Debug;
		};
		700ED8422A65795800392B08 /* Release */ = {
			isa = XCBuildConfiguration;
			buildSettings = {
				ALWAYS_EMBED_SWIFT_STANDARD_LIBRARIES = YES;
				BUNDLE_LOADER = "$(TEST_HOST)";
				CODE_SIGN_STYLE = Automatic;
				CURRENT_PROJECT_VERSION = 1;
				GENERATE_INFOPLIST_FILE = YES;
				IPHONEOS_DEPLOYMENT_TARGET = 16.2;
				MARKETING_VERSION = 1.0;
				PRODUCT_BUNDLE_IDENTIFIER = me.student.bhsec.MeTests;
				PRODUCT_NAME = "$(TARGET_NAME)";
				SWIFT_EMIT_LOC_STRINGS = NO;
				SWIFT_VERSION = 5.0;
				TARGETED_DEVICE_FAMILY = "1,2";
				TEST_HOST = "$(BUILT_PRODUCTS_DIR)/Me.app/$(BUNDLE_EXECUTABLE_FOLDER_PATH)/Me";
			};
			name = Release;
		};
		700ED8442A65795800392B08 /* Debug */ = {
			isa = XCBuildConfiguration;
			buildSettings = {
				ALWAYS_EMBED_SWIFT_STANDARD_LIBRARIES = YES;
				CODE_SIGN_STYLE = Automatic;
				CURRENT_PROJECT_VERSION = 1;
				GENERATE_INFOPLIST_FILE = YES;
				MARKETING_VERSION = 1.0;
				PRODUCT_BUNDLE_IDENTIFIER = me.student.bhsec.MeUITests;
				PRODUCT_NAME = "$(TARGET_NAME)";
				SWIFT_EMIT_LOC_STRINGS = NO;
				SWIFT_VERSION = 5.0;
				TARGETED_DEVICE_FAMILY = "1,2";
				TEST_TARGET_NAME = Me;
			};
			name = Debug;
		};
		700ED8452A65795800392B08 /* Release */ = {
			isa = XCBuildConfiguration;
			buildSettings = {
				ALWAYS_EMBED_SWIFT_STANDARD_LIBRARIES = YES;
				CODE_SIGN_STYLE = Automatic;
				CURRENT_PROJECT_VERSION = 1;
				GENERATE_INFOPLIST_FILE = YES;
				MARKETING_VERSION = 1.0;
				PRODUCT_BUNDLE_IDENTIFIER = me.student.bhsec.MeUITests;
				PRODUCT_NAME = "$(TARGET_NAME)";
				SWIFT_EMIT_LOC_STRINGS = NO;
				SWIFT_VERSION = 5.0;
				TARGETED_DEVICE_FAMILY = "1,2";
				TEST_TARGET_NAME = Me;
			};
			name = Release;
		};
/* End XCBuildConfiguration section */

/* Begin XCConfigurationList section */
		700ED80E2A65795700392B08 /* Build configuration list for PBXProject "Me" */ = {
			isa = XCConfigurationList;
			buildConfigurations = (
				700ED83B2A65795800392B08 /* Debug */,
				700ED83C2A65795800392B08 /* Release */,
			);
			defaultConfigurationIsVisible = 0;
			defaultConfigurationName = Release;
		};
		700ED83D2A65795800392B08 /* Build configuration list for PBXNativeTarget "Me" */ = {
			isa = XCConfigurationList;
			buildConfigurations = (
				700ED83E2A65795800392B08 /* Debug */,
				700ED83F2A65795800392B08 /* Release */,
			);
			defaultConfigurationIsVisible = 0;
			defaultConfigurationName = Release;
		};
		700ED8402A65795800392B08 /* Build configuration list for PBXNativeTarget "MeTests" */ = {
			isa = XCConfigurationList;
			buildConfigurations = (
				700ED8412A65795800392B08 /* Debug */,
				700ED8422A65795800392B08 /* Release */,
			);
			defaultConfigurationIsVisible = 0;
			defaultConfigurationName = Release;
		};
		700ED8432A65795800392B08 /* Build configuration list for PBXNativeTarget "MeUITests" */ = {
			isa = XCConfigurationList;
			buildConfigurations = (
				700ED8442A65795800392B08 /* Debug */,
				700ED8452A65795800392B08 /* Release */,
			);
			defaultConfigurationIsVisible = 0;
			defaultConfigurationName = Release;
		};
/* End XCConfigurationList section */
	};
	rootObject = 700ED80B2A65795700392B08 /* Project object */;
}
